
Microsoft Visual Studio Solution File, Format Version 12.00
# Visual Studio 2013
VisualStudioVersion = 12.0.30501.0
MinimumVisualStudioVersion = 10.0.40219.1
Project("{FAE04EC0-301F-11D3-BF4B-00C04F79EFBC}") = "GameEndpoints.Domain", "GameEndepoints.Domain\GameEndpoints.Domain.csproj", "{F2EED44E-1747-43ED-8977-E4BC3F597AFD}"
EndProject
Project("{FAE04EC0-301F-11D3-BF4B-00C04F79EFBC}") = "GameEndpoints.Common", "GameEndpoints.Common\GameEndpoints.Common.csproj", "{BC5284ED-1CBE-4707-B6E9-B4B04970B61C}"
EndProject
Project("{FAE04EC0-301F-11D3-BF4B-00C04F79EFBC}") = "GameEndpoints.Infrastructure", "GameEndpoints.Infrastructure\GameEndpoints.Infrastructure.csproj", "{6AA4F2BE-23E5-4C16-A67E-359AC4A7ACC4}"
EndProject
Project("{FAE04EC0-301F-11D3-BF4B-00C04F79EFBC}") = "GameEndpoints.Startup", "GameEndpoints.Startup\GameEndpoints.Startup.csproj", "{B2E79E33-2929-4E7F-881C-00F2E6EBE57B}"
EndProject
Project("{FAE04EC0-301F-11D3-BF4B-00C04F79EFBC}") = "GameEndpoints.Business", "GameEndpoints.Business\GameEndpoints.Business.csproj", "{97A6E94B-B3F4-4AB0-B5F4-BE3991E81792}"
EndProject
Project("{FAE04EC0-301F-11D3-BF4B-00C04F79EFBC}") = "GameEndpoints.Api", "GameEndpoints.Api\GameEndpoints.Api.csproj", "{B7CD8A71-9FE6-452D-A608-DD4EF7CAE06D}"
EndProject
Project("{2150E333-8FDC-42A3-9474-1A3956D46DE8}") = ".nuget", ".nuget", "{0D4C2EB3-20C3-4F72-AE2A-071CC90C8A31}"
	ProjectSection(SolutionItems) = preProject
		.nuget\NuGet.Config = .nuget\NuGet.Config
		.nuget\NuGet.exe = .nuget\NuGet.exe
		.nuget\NuGet.targets = .nuget\NuGet.targets
	EndProjectSection
EndProject
Global
	GlobalSection(SolutionConfigurationPlatforms) = preSolution
		Debug|Any CPU = Debug|Any CPU
		Release|Any CPU = Release|Any CPU
	EndGlobalSection
	GlobalSection(ProjectConfigurationPlatforms) = postSolution
		{F2EED44E-1747-43ED-8977-E4BC3F597AFD}.Debug|Any CPU.ActiveCfg = Debug|Any CPU
		{F2EED44E-1747-43ED-8977-E4BC3F597AFD}.Debug|Any CPU.Build.0 = Debug|Any CPU
		{F2EED44E-1747-43ED-8977-E4BC3F597AFD}.Release|Any CPU.ActiveCfg = Release|Any CPU
		{F2EED44E-1747-43ED-8977-E4BC3F597AFD}.Release|Any CPU.Build.0 = Release|Any CPU
		{BC5284ED-1CBE-4707-B6E9-B4B04970B61C}.Debug|Any CPU.ActiveCfg = Debug|Any CPU
		{BC5284ED-1CBE-4707-B6E9-B4B04970B61C}.Debug|Any CPU.Build.0 = Debug|Any CPU
		{BC5284ED-1CBE-4707-B6E9-B4B04970B61C}.Release|Any CPU.ActiveCfg = Release|Any CPU
		{BC5284ED-1CBE-4707-B6E9-B4B04970B61C}.Release|Any CPU.Build.0 = Release|Any CPU
		{6AA4F2BE-23E5-4C16-A67E-359AC4A7ACC4}.Debug|Any CPU.ActiveCfg = Debug|Any CPU
		{6AA4F2BE-23E5-4C16-A67E-359AC4A7ACC4}.Debug|Any CPU.Build.0 = Debug|Any CPU
		{6AA4F2BE-23E5-4C16-A67E-359AC4A7ACC4}.Release|Any CPU.ActiveCfg = Release|Any CPU
		{6AA4F2BE-23E5-4C16-A67E-359AC4A7ACC4}.Release|Any CPU.Build.0 = Release|Any CPU
		{B2E79E33-2929-4E7F-881C-00F2E6EBE57B}.Debug|Any CPU.ActiveCfg = Debug|Any CPU
		{B2E79E33-2929-4E7F-881C-00F2E6EBE57B}.Debug|Any CPU.Build.0 = Debug|Any CPU
		{B2E79E33-2929-4E7F-881C-00F2E6EBE57B}.Release|Any CPU.ActiveCfg = Release|Any CPU
		{B2E79E33-2929-4E7F-881C-00F2E6EBE57B}.Release|Any CPU.Build.0 = Release|Any CPU
		{97A6E94B-B3F4-4AB0-B5F4-BE3991E81792}.Debug|Any CPU.ActiveCfg = Debug|Any CPU
		{97A6E94B-B3F4-4AB0-B5F4-BE3991E81792}.Debug|Any CPU.Build.0 = Debug|Any CPU
		{97A6E94B-B3F4-4AB0-B5F4-BE3991E81792}.Release|Any CPU.ActiveCfg = Release|Any CPU
		{97A6E94B-B3F4-4AB0-B5F4-BE3991E81792}.Release|Any CPU.Build.0 = Release|Any CPU
		{B7CD8A71-9FE6-452D-A608-DD4EF7CAE06D}.Debug|Any CPU.ActiveCfg = Debug|Any CPU
		{B7CD8A71-9FE6-452D-A608-DD4EF7CAE06D}.Debug|Any CPU.Build.0 = Debug|Any CPU
		{B7CD8A71-9FE6-452D-A608-DD4EF7CAE06D}.Release|Any CPU.ActiveCfg = Release|Any CPU
		{B7CD8A71-9FE6-452D-A608-DD4EF7CAE06D}.Release|Any CPU.Build.0 = Release|Any CPU
	EndGlobalSection
	GlobalSection(SolutionProperties) = preSolution
		HideSolutionNode = FALSE
	EndGlobalSection
EndGlobal
